
Microsoft Visual Studio Solution File, Format Version 12.00
# Visual Studio Version 17
VisualStudioVersion = 17.3.32922.545
MinimumVisualStudioVersion = 10.0.40219.1
Project("{FAE04EC0-301F-11D3-BF4B-00C04F79EFBC}") = "DXReportWebApplication", "DXReportWebApplication\DXReportWebApplication.csproj", "{DC7DC98A-F5B2-4F6D-B46C-349FC93A8AAF}"
EndProject
Global
	GlobalSection(SolutionConfigurationPlatforms) = preSolution
		Debug|Any CPU = Debug|Any CPU
		Release|Any CPU = Release|Any CPU
	EndGlobalSection
	GlobalSection(ProjectConfigurationPlatforms) = postSolution
		{DC7DC98A-F5B2-4F6D-B46C-349FC93A8AAF}.Debug|Any CPU.ActiveCfg = Debug|Any CPU
		{DC7DC98A-F5B2-4F6D-B46C-349FC93A8AAF}.Debug|Any CPU.Build.0 = Debug|Any CPU
		{DC7DC98A-F5B2-4F6D-B46C-349FC93A8AAF}.Release|Any CPU.ActiveCfg = Release|Any CPU
		{DC7DC98A-F5B2-4F6D-B46C-349FC93A8AAF}.Release|Any CPU.Build.0 = Release|Any CPU
	EndGlobalSection
	GlobalSection(SolutionProperties) = preSolution
		HideSolutionNode = FALSE
	EndGlobalSection
	GlobalSection(ExtensibilityGlobals) = postSolution
		SolutionGuid = {2A852B2E-516B-4224-A33E-6010BD46E45C}
	EndGlobalSection
EndGlobal
